
Microsoft Visual Studio Solution File, Format Version 12.00
# Visual Studio Version 17
VisualStudioVersion = 17.7.34221.43
MinimumVisualStudioVersion = 10.0.40219.1
Project("{9A19103F-16F7-4668-BE54-9A1E7A4F7556}") = "Autoclick", "Autoclick\Autoclick.csproj", "{FC92AFEE-BD86-4E71-A8D5-A3C968130382}"
EndProject
Project("{54435603-DBB4-11D2-8724-00A0C9A8B90C}") = "AutoclickInstaller", "AutoclickInstaller\AutoclickInstaller.vdproj", "{427A7977-62B0-427C-90AF-1F78B8DDB814}"
EndProject
Global
	GlobalSection(SolutionConfigurationPlatforms) = preSolution
		Debug|Any CPU = Debug|Any CPU
		Release|Any CPU = Release|Any CPU
	EndGlobalSection
	GlobalSection(ProjectConfigurationPlatforms) = postSolution
		{FC92AFEE-BD86-4E71-A8D5-A3C968130382}.Debug|Any CPU.ActiveCfg = Release|Any CPU
		{FC92AFEE-BD86-4E71-A8D5-A3C968130382}.Debug|Any CPU.Build.0 = Release|Any CPU
		{FC92AFEE-BD86-4E71-A8D5-A3C968130382}.Release|Any CPU.ActiveCfg = Release|Any CPU
		{FC92AFEE-BD86-4E71-A8D5-A3C968130382}.Release|Any CPU.Build.0 = Release|Any CPU
		{427A7977-62B0-427C-90AF-1F78B8DDB814}.Debug|Any CPU.ActiveCfg = Release
		{427A7977-62B0-427C-90AF-1F78B8DDB814}.Release|Any CPU.ActiveCfg = Release
	EndGlobalSection
	GlobalSection(SolutionProperties) = preSolution
		HideSolutionNode = FALSE
	EndGlobalSection
	GlobalSection(ExtensibilityGlobals) = postSolution
		SolutionGuid = {F2451CA9-EE2F-4331-8821-F17ECFCBC49E}
	EndGlobalSection
EndGlobal
